
Microsoft Visual Studio Solution File, Format Version 12.00
# Visual Studio 2013
VisualStudioVersion = 12.0.21005.1
MinimumVisualStudioVersion = 10.0.40219.1
Project("{F184B08F-C81C-45F6-A57F-5ABD9991F28F}") = "Practica1", "Practica1\Practica1.vbproj", "{8DF6FA16-8705-4629-B676-11D13297749E}"
EndProject
Global
	GlobalSection(SolutionConfigurationPlatforms) = preSolution
		Debug|Any CPU = Debug|Any CPU
		Release|Any CPU = Release|Any CPU
	EndGlobalSection
	GlobalSection(ProjectConfigurationPlatforms) = postSolution
		{8DF6FA16-8705-4629-B676-11D13297749E}.Debug|Any CPU.ActiveCfg = Debug|Any CPU
		{8DF6FA16-8705-4629-B676-11D13297749E}.Debug|Any CPU.Build.0 = Debug|Any CPU
		{8DF6FA16-8705-4629-B676-11D13297749E}.Release|Any CPU.ActiveCfg = Release|Any CPU
		{8DF6FA16-8705-4629-B676-11D13297749E}.Release|Any CPU.Build.0 = Release|Any CPU
	EndGlobalSection
	GlobalSection(SolutionProperties) = preSolution
		HideSolutionNode = FALSE
	EndGlobalSection
EndGlobal
